// !$*UTF8*$!
{
	archiveVersion = 1;
	classes = {
	};
	objectVersion = 50;
	objects = {

/* Begin PBXBuildFile section */
		C43B396624CDBC1D0037D7AA /* LandmarkRow.swift in Sources */ = {isa = PBXBuildFile; fileRef = C43B396524CDBC1D0037D7AA /* LandmarkRow.swift */; };
		C43B397424CDBF4B0037D7AA /* chincoteague.jpg in Resources */ = {isa = PBXBuildFile; fileRef = C43B396724CDBF4A0037D7AA /* chincoteague.jpg */; };
		C43B397524CDBF4B0037D7AA /* icybay.jpg in Resources */ = {isa = PBXBuildFile; fileRef = C43B396824CDBF4A0037D7AA /* icybay.jpg */; };
		C43B397624CDBF4B0037D7AA /* stmarylake.jpg in Resources */ = {isa = PBXBuildFile; fileRef = C43B396924CDBF4A0037D7AA /* stmarylake.jpg */; };
		C43B397724CDBF4B0037D7AA /* rainbowlake.jpg in Resources */ = {isa = PBXBuildFile; fileRef = C43B396A24CDBF4A0037D7AA /* rainbowlake.jpg */; };
		C43B397824CDBF4B0037D7AA /* chilkoottrail.jpg in Resources */ = {isa = PBXBuildFile; fileRef = C43B396B24CDBF4A0037D7AA /* chilkoottrail.jpg */; };
		C43B397924CDBF4B0037D7AA /* lakemcdonald.jpg in Resources */ = {isa = PBXBuildFile; fileRef = C43B396C24CDBF4A0037D7AA /* lakemcdonald.jpg */; };
		C43B397A24CDBF4B0037D7AA /* twinlake.jpg in Resources */ = {isa = PBXBuildFile; fileRef = C43B396D24CDBF4A0037D7AA /* twinlake.jpg */; };
		C43B397B24CDBF4B0037D7AA /* turtlerock.jpg in Resources */ = {isa = PBXBuildFile; fileRef = C43B396E24CDBF4A0037D7AA /* turtlerock.jpg */; };
		C43B397C24CDBF4B0037D7AA /* hiddenlake.jpg in Resources */ = {isa = PBXBuildFile; fileRef = C43B396F24CDBF4A0037D7AA /* hiddenlake.jpg */; };
		C43B397D24CDBF4B0037D7AA /* silversalmoncreek.jpg in Resources */ = {isa = PBXBuildFile; fileRef = C43B397024CDBF4A0037D7AA /* silversalmoncreek.jpg */; };
		C43B397E24CDBF4B0037D7AA /* umbagog.jpg in Resources */ = {isa = PBXBuildFile; fileRef = C43B397124CDBF4B0037D7AA /* umbagog.jpg */; };
		C43B397F24CDBF4B0037D7AA /* yukon_charleyrivers.jpg in Resources */ = {isa = PBXBuildFile; fileRef = C43B397224CDBF4B0037D7AA /* yukon_charleyrivers.jpg */; };
		C43B398024CDBF4B0037D7AA /* landmarkData.json in Resources */ = {isa = PBXBuildFile; fileRef = C43B397324CDBF4B0037D7AA /* landmarkData.json */; };
		C43B398224CDC4D70037D7AA /* LandmarkList.swift in Sources */ = {isa = PBXBuildFile; fileRef = C43B398124CDC4D70037D7AA /* LandmarkList.swift */; };
		C454ABF424C5BBAC0083CD73 /* AppDelegate.swift in Sources */ = {isa = PBXBuildFile; fileRef = C454ABF324C5BBAC0083CD73 /* AppDelegate.swift */; };
		C454ABF624C5BBAC0083CD73 /* SceneDelegate.swift in Sources */ = {isa = PBXBuildFile; fileRef = C454ABF524C5BBAC0083CD73 /* SceneDelegate.swift */; };
		C454ABF824C5BBAC0083CD73 /* LandmarkDetail.swift in Sources */ = {isa = PBXBuildFile; fileRef = C454ABF724C5BBAC0083CD73 /* LandmarkDetail.swift */; };
		C454ABFA24C5BBAD0083CD73 /* Assets.xcassets in Resources */ = {isa = PBXBuildFile; fileRef = C454ABF924C5BBAD0083CD73 /* Assets.xcassets */; };
		C454ABFD24C5BBAD0083CD73 /* Preview Assets.xcassets in Resources */ = {isa = PBXBuildFile; fileRef = C454ABFC24C5BBAD0083CD73 /* Preview Assets.xcassets */; };
		C454AC0024C5BBAD0083CD73 /* LaunchScreen.storyboard in Resources */ = {isa = PBXBuildFile; fileRef = C454ABFE24C5BBAD0083CD73 /* LaunchScreen.storyboard */; };
		C47DA4DD24CDA5BD00B377A4 /* Landmark.swift in Sources */ = {isa = PBXBuildFile; fileRef = C47DA4DC24CDA5BD00B377A4 /* Landmark.swift */; };
		C47DA4E724CDB51800B377A4 /* Data.swift in Sources */ = {isa = PBXBuildFile; fileRef = C47DA4E624CDB51800B377A4 /* Data.swift */; };
		C4C12AF224CB1EAD00D5B7C9 /* CircleImage.swift in Sources */ = {isa = PBXBuildFile; fileRef = C4C12AF124CB1EAD00D5B7C9 /* CircleImage.swift */; };
		C4C12AF424CB218F00D5B7C9 /* MapView.swift in Sources */ = {isa = PBXBuildFile; fileRef = C4C12AF324CB218F00D5B7C9 /* MapView.swift */; };
/* End PBXBuildFile section */

/* Begin PBXFileReference section */
		C43B396524CDBC1D0037D7AA /* LandmarkRow.swift */ = {isa = PBXFileReference; lastKnownFileType = sourcecode.swift; path = LandmarkRow.swift; sourceTree = "<group>"; };
		C43B396724CDBF4A0037D7AA /* chincoteague.jpg */ = {isa = PBXFileReference; lastKnownFileType = image.jpeg; path = chincoteague.jpg; sourceTree = "<group>"; };
		C43B396824CDBF4A0037D7AA /* icybay.jpg */ = {isa = PBXFileReference; lastKnownFileType = image.jpeg; path = icybay.jpg; sourceTree = "<group>"; };
		C43B396924CDBF4A0037D7AA /* stmarylake.jpg */ = {isa = PBXFileReference; lastKnownFileType = image.jpeg; path = stmarylake.jpg; sourceTree = "<group>"; };
		C43B396A24CDBF4A0037D7AA /* rainbowlake.jpg */ = {isa = PBXFileReference; lastKnownFileType = image.jpeg; path = rainbowlake.jpg; sourceTree = "<group>"; };
		C43B396B24CDBF4A0037D7AA /* chilkoottrail.jpg */ = {isa = PBXFileReference; lastKnownFileType = image.jpeg; path = chilkoottrail.jpg; sourceTree = "<group>"; };
		C43B396C24CDBF4A0037D7AA /* lakemcdonald.jpg */ = {isa = PBXFileReference; lastKnownFileType = image.jpeg; path = lakemcdonald.jpg; sourceTree = "<group>"; };
		C43B396D24CDBF4A0037D7AA /* twinlake.jpg */ = {isa = PBXFileReference; lastKnownFileType = image.jpeg; path = twinlake.jpg; sourceTree = "<group>"; };
		C43B396E24CDBF4A0037D7AA /* turtlerock.jpg */ = {isa = PBXFileReference; lastKnownFileType = image.jpeg; path = turtlerock.jpg; sourceTree = "<group>"; };
		C43B396F24CDBF4A0037D7AA /* hiddenlake.jpg */ = {isa = PBXFileReference; lastKnownFileType = image.jpeg; path = hiddenlake.jpg; sourceTree = "<group>"; };
		C43B397024CDBF4A0037D7AA /* silversalmoncreek.jpg */ = {isa = PBXFileReference; lastKnownFileType = image.jpeg; path = silversalmoncreek.jpg; sourceTree = "<group>"; };
		C43B397124CDBF4B0037D7AA /* umbagog.jpg */ = {isa = PBXFileReference; lastKnownFileType = image.jpeg; path = umbagog.jpg; sourceTree = "<group>"; };
		C43B397224CDBF4B0037D7AA /* yukon_charleyrivers.jpg */ = {isa = PBXFileReference; lastKnownFileType = image.jpeg; path = yukon_charleyrivers.jpg; sourceTree = "<group>"; };
		C43B397324CDBF4B0037D7AA /* landmarkData.json */ = {isa = PBXFileReference; fileEncoding = 4; lastKnownFileType = text.json; path = landmarkData.json; sourceTree = "<group>"; };
		C43B398124CDC4D70037D7AA /* LandmarkList.swift */ = {isa = PBXFileReference; lastKnownFileType = sourcecode.swift; path = LandmarkList.swift; sourceTree = "<group>"; };
		C454ABF024C5BBAC0083CD73 /* Landmarks.app */ = {isa = PBXFileReference; explicitFileType = wrapper.application; includeInIndex = 0; path = Landmarks.app; sourceTree = BUILT_PRODUCTS_DIR; };
		C454ABF324C5BBAC0083CD73 /* AppDelegate.swift */ = {isa = PBXFileReference; lastKnownFileType = sourcecode.swift; path = AppDelegate.swift; sourceTree = "<group>"; };
		C454ABF524C5BBAC0083CD73 /* SceneDelegate.swift */ = {isa = PBXFileReference; lastKnownFileType = sourcecode.swift; path = SceneDelegate.swift; sourceTree = "<group>"; };
		C454ABF724C5BBAC0083CD73 /* LandmarkDetail.swift */ = {isa = PBXFileReference; lastKnownFileType = sourcecode.swift; path = LandmarkDetail.swift; sourceTree = "<group>"; };
		C454ABF924C5BBAD0083CD73 /* Assets.xcassets */ = {isa = PBXFileReference; lastKnownFileType = folder.assetcatalog; path = Assets.xcassets; sourceTree = "<group>"; };
		C454ABFC24C5BBAD0083CD73 /* Preview Assets.xcassets */ = {isa = PBXFileReference; lastKnownFileType = folder.assetcatalog; path = "Preview Assets.xcassets"; sourceTree = "<group>"; };
		C454ABFF24C5BBAD0083CD73 /* Base */ = {isa = PBXFileReference; lastKnownFileType = file.storyboard; name = Base; path = Base.lproj/LaunchScreen.storyboard; sourceTree = "<group>"; };
		C454AC0124C5BBAD0083CD73 /* Info.plist */ = {isa = PBXFileReference; lastKnownFileType = text.plist.xml; path = Info.plist; sourceTree = "<group>"; };
		C47DA4DC24CDA5BD00B377A4 /* Landmark.swift */ = {isa = PBXFileReference; lastKnownFileType = sourcecode.swift; path = Landmark.swift; sourceTree = "<group>"; };
		C47DA4E624CDB51800B377A4 /* Data.swift */ = {isa = PBXFileReference; fileEncoding = 4; lastKnownFileType = sourcecode.swift; path = Data.swift; sourceTree = "<group>"; };
		C4C12AF124CB1EAD00D5B7C9 /* CircleImage.swift */ = {isa = PBXFileReference; lastKnownFileType = sourcecode.swift; path = CircleImage.swift; sourceTree = "<group>"; };
		C4C12AF324CB218F00D5B7C9 /* MapView.swift */ = {isa = PBXFileReference; lastKnownFileType = sourcecode.swift; path = MapView.swift; sourceTree = "<group>"; };
/* End PBXFileReference section */

/* Begin PBXFrameworksBuildPhase section */
		C454ABED24C5BBAC0083CD73 /* Frameworks */ = {
			isa = PBXFrameworksBuildPhase;
			buildActionMask = 2147483647;
			files = (
			);
			runOnlyForDeploymentPostprocessing = 0;
		};
/* End PBXFrameworksBuildPhase section */

/* Begin PBXGroup section */
		C454ABE724C5BBAC0083CD73 = {
			isa = PBXGroup;
			children = (
				C454ABF224C5BBAC0083CD73 /* Landmarks */,
			);
			sourceTree = "<group>";
		};
		C454ABF124C5BBAC0083CD73 /* Products */ = {
			isa = PBXGroup;
			children = (
				C454ABF024C5BBAC0083CD73 /* Landmarks.app */,
			);
			name = Products;
			path = ..;
			sourceTree = "<group>";
		};
		C454ABF224C5BBAC0083CD73 /* Landmarks */ = {
			isa = PBXGroup;
			children = (
				C4C12AF324CB218F00D5B7C9 /* MapView.swift */,
				C454ABF724C5BBAC0083CD73 /* LandmarkDetail.swift */,
				C43B396524CDBC1D0037D7AA /* LandmarkRow.swift */,
				C4C12AF124CB1EAD00D5B7C9 /* CircleImage.swift */,
				C43B398124CDC4D70037D7AA /* LandmarkList.swift */,
				C454ABF324C5BBAC0083CD73 /* AppDelegate.swift */,
				C454ABF524C5BBAC0083CD73 /* SceneDelegate.swift */,
				C454ABF924C5BBAD0083CD73 /* Assets.xcassets */,
				C454ABFE24C5BBAD0083CD73 /* LaunchScreen.storyboard */,
				C454AC0124C5BBAD0083CD73 /* Info.plist */,
				C47DA4E524CDB41A00B377A4 /* Models */,
				C47DA4DE24CDA8AA00B377A4 /* Resources */,
				C454ABF124C5BBAC0083CD73 /* Products */,
				C454ABFB24C5BBAD0083CD73 /* Preview Content */,
			);
			path = Landmarks;
			sourceTree = "<group>";
		};
		C454ABFB24C5BBAD0083CD73 /* Preview Content */ = {
			isa = PBXGroup;
			children = (
				C454ABFC24C5BBAD0083CD73 /* Preview Assets.xcassets */,
			);
			path = "Preview Content";
			sourceTree = "<group>";
		};
		C47DA4DE24CDA8AA00B377A4 /* Resources */ = {
			isa = PBXGroup;
			children = (
				C43B397324CDBF4B0037D7AA /* landmarkData.json */,
				C43B396B24CDBF4A0037D7AA /* chilkoottrail.jpg */,
				C43B396724CDBF4A0037D7AA /* chincoteague.jpg */,
				C43B396F24CDBF4A0037D7AA /* hiddenlake.jpg */,
				C43B396824CDBF4A0037D7AA /* icybay.jpg */,
				C43B396C24CDBF4A0037D7AA /* lakemcdonald.jpg */,
				C43B396A24CDBF4A0037D7AA /* rainbowlake.jpg */,
				C43B397024CDBF4A0037D7AA /* silversalmoncreek.jpg */,
				C43B396924CDBF4A0037D7AA /* stmarylake.jpg */,
				C43B396E24CDBF4A0037D7AA /* turtlerock.jpg */,
				C43B396D24CDBF4A0037D7AA /* twinlake.jpg */,
				C43B397124CDBF4B0037D7AA /* umbagog.jpg */,
				C43B397224CDBF4B0037D7AA /* yukon_charleyrivers.jpg */,
			);
			path = Resources;
			sourceTree = "<group>";
		};
		C47DA4E524CDB41A00B377A4 /* Models */ = {
			isa = PBXGroup;
			children = (
				C47DA4E624CDB51800B377A4 /* Data.swift */,
				C47DA4DC24CDA5BD00B377A4 /* Landmark.swift */,
			);
			path = Models;
			sourceTree = "<group>";
		};
/* End PBXGroup section */

/* Begin PBXNativeTarget section */
		C454ABEF24C5BBAC0083CD73 /* Landmarks */ = {
			isa = PBXNativeTarget;
			buildConfigurationList = C454AC0424C5BBAD0083CD73 /* Build configuration list for PBXNativeTarget "Landmarks" */;
			buildPhases = (
				C454ABEC24C5BBAC0083CD73 /* Sources */,
				C454ABED24C5BBAC0083CD73 /* Frameworks */,
				C454ABEE24C5BBAC0083CD73 /* Resources */,
			);
			buildRules = (
			);
			dependencies = (
			);
			name = Landmarks;
			productName = Landmarks;
			productReference = C454ABF024C5BBAC0083CD73 /* Landmarks.app */;
			productType = "com.apple.product-type.application";
		};
/* End PBXNativeTarget section */

/* Begin PBXProject section */
		C454ABE824C5BBAC0083CD73 /* Project object */ = {
			isa = PBXProject;
			attributes = {
				LastSwiftUpdateCheck = 1150;
				LastUpgradeCheck = 1150;
				ORGANIZATIONNAME = pandora;
				TargetAttributes = {
					C454ABEF24C5BBAC0083CD73 = {
						CreatedOnToolsVersion = 11.5;
					};
				};
			};
			buildConfigurationList = C454ABEB24C5BBAC0083CD73 /* Build configuration list for PBXProject "Landmarks" */;
			compatibilityVersion = "Xcode 9.3";
			developmentRegion = en;
			hasScannedForEncodings = 0;
			knownRegions = (
				en,
				Base,
			);
			mainGroup = C454ABE724C5BBAC0083CD73;
			productRefGroup = C454ABF124C5BBAC0083CD73 /* Products */;
			projectDirPath = "";
			projectRoot = "";
			targets = (
				C454ABEF24C5BBAC0083CD73 /* Landmarks */,
			);
		};
/* End PBXProject section */

/* Begin PBXResourcesBuildPhase section */
		C454ABEE24C5BBAC0083CD73 /* Resources */ = {
			isa = PBXResourcesBuildPhase;
			buildActionMask = 2147483647;
			files = (
				C43B397D24CDBF4B0037D7AA /* silversalmoncreek.jpg in Resources */,
				C43B397724CDBF4B0037D7AA /* rainbowlake.jpg in Resources */,
				C43B397E24CDBF4B0037D7AA /* umbagog.jpg in Resources */,
				C43B397B24CDBF4B0037D7AA /* turtlerock.jpg in Resources */,
				C43B397F24CDBF4B0037D7AA /* yukon_charleyrivers.jpg in Resources */,
				C43B397824CDBF4B0037D7AA /* chilkoottrail.jpg in Resources */,
				C43B397624CDBF4B0037D7AA /* stmarylake.jpg in Resources */,
				C43B397924CDBF4B0037D7AA /* lakemcdonald.jpg in Resources */,
				C454AC0024C5BBAD0083CD73 /* LaunchScreen.storyboard in Resources */,
				C454ABFD24C5BBAD0083CD73 /* Preview Assets.xcassets in Resources */,
				C43B397A24CDBF4B0037D7AA /* twinlake.jpg in Resources */,
				C43B397424CDBF4B0037D7AA /* chincoteague.jpg in Resources */,
				C43B397524CDBF4B0037D7AA /* icybay.jpg in Resources */,
				C43B398024CDBF4B0037D7AA /* landmarkData.json in Resources */,
				C43B397C24CDBF4B0037D7AA /* hiddenlake.jpg in Resources */,
				C454ABFA24C5BBAD0083CD73 /* Assets.xcassets in Resources */,
			);
			runOnlyForDeploymentPostprocessing = 0;
		};
/* End PBXResourcesBuildPhase section */

/* Begin PBXSourcesBuildPhase section */
		C454ABEC24C5BBAC0083CD73 /* Sources */ = {
			isa = PBXSourcesBuildPhase;
			buildActionMask = 2147483647;
			files = (
				C454ABF424C5BBAC0083CD73 /* AppDelegate.swift in Sources */,
				C4C12AF224CB1EAD00D5B7C9 /* CircleImage.swift in Sources */,
				C4C12AF424CB218F00D5B7C9 /* MapView.swift in Sources */,
				C454ABF624C5BBAC0083CD73 /* SceneDelegate.swift in Sources */,
				C43B398224CDC4D70037D7AA /* LandmarkList.swift in Sources */,
				C454ABF824C5BBAC0083CD73 /* LandmarkDetail.swift in Sources */,
				C47DA4DD24CDA5BD00B377A4 /* Landmark.swift in Sources */,
				C43B396624CDBC1D0037D7AA /* LandmarkRow.swift in Sources */,
				C47DA4E724CDB51800B377A4 /* Data.swift in Sources */,
			);
			runOnlyForDeploymentPostprocessing = 0;
		};
/* End PBXSourcesBuildPhase section */

/* Begin PBXVariantGroup section */
		C454ABFE24C5BBAD0083CD73 /* LaunchScreen.storyboard */ = {
			isa = PBXVariantGroup;
			children = (
				C454ABFF24C5BBAD0083CD73 /* Base */,
			);
			name = LaunchScreen.storyboard;
			sourceTree = "<group>";
		};
/* End PBXVariantGroup section */

/* Begin XCBuildConfiguration section */
		C454AC0224C5BBAD0083CD73 /* Debug */ = {
			isa = XCBuildConfiguration;
			buildSettings = {
				ALWAYS_SEARCH_USER_PATHS = NO;
				CLANG_ANALYZER_NONNULL = YES;
				CLANG_ANALYZER_NUMBER_OBJECT_CONVERSION = YES_AGGRESSIVE;
				CLANG_CXX_LANGUAGE_STANDARD = "gnu++14";
				CLANG_CXX_LIBRARY = "libc++";
				CLANG_ENABLE_MODULES = YES;
				CLANG_ENABLE_OBJC_ARC = YES;
				CLANG_ENABLE_OBJC_WEAK = YES;
				CLANG_WARN_BLOCK_CAPTURE_AUTORELEASING = YES;
				CLANG_WARN_BOOL_CONVERSION = YES;
				CLANG_WARN_COMMA = YES;
				CLANG_WARN_CONSTANT_CONVERSION = YES;
				CLANG_WARN_DEPRECATED_OBJC_IMPLEMENTATIONS = YES;
				CLANG_WARN_DIRECT_OBJC_ISA_USAGE = YES_ERROR;
				CLANG_WARN_DOCUMENTATION_COMMENTS = YES;
				CLANG_WARN_EMPTY_BODY = YES;
				CLANG_WARN_ENUM_CONVERSION = YES;
				CLANG_WARN_INFINITE_RECURSION = YES;
				CLANG_WARN_INT_CONVERSION = YES;
				CLANG_WARN_NON_LITERAL_NULL_CONVERSION = YES;
				CLANG_WARN_OBJC_IMPLICIT_RETAIN_SELF = YES;
				CLANG_WARN_OBJC_LITERAL_CONVERSION = YES;
				CLANG_WARN_OBJC_ROOT_CLASS = YES_ERROR;
				CLANG_WARN_RANGE_LOOP_ANALYSIS = YES;
				CLANG_WARN_STRICT_PROTOTYPES = YES;
				CLANG_WARN_SUSPICIOUS_MOVE = YES;
				CLANG_WARN_UNGUARDED_AVAILABILITY = YES_AGGRESSIVE;
				CLANG_WARN_UNREACHABLE_CODE = YES;
				CLANG_WARN__DUPLICATE_METHOD_MATCH = YES;
				COPY_PHASE_STRIP = NO;
				DEBUG_INFORMATION_FORMAT = dwarf;
				ENABLE_STRICT_OBJC_MSGSEND = YES;
				ENABLE_TESTABILITY = YES;
				GCC_C_LANGUAGE_STANDARD = gnu11;
				GCC_DYNAMIC_NO_PIC = NO;
				GCC_NO_COMMON_BLOCKS = YES;
				GCC_OPTIMIZATION_LEVEL = 0;
				GCC_PREPROCESSOR_DEFINITIONS = (
					"DEBUG=1",
					"$(inherited)",
				);
				GCC_WARN_64_TO_32_BIT_CONVERSION = YES;
				GCC_WARN_ABOUT_RETURN_TYPE = YES_ERROR;
				GCC_WARN_UNDECLARED_SELECTOR = YES;
				GCC_WARN_UNINITIALIZED_AUTOS = YES_AGGRESSIVE;
				GCC_WARN_UNUSED_FUNCTION = YES;
				GCC_WARN_UNUSED_VARIABLE = YES;
				IPHONEOS_DEPLOYMENT_TARGET = 13.5;
				MTL_ENABLE_DEBUG_INFO = INCLUDE_SOURCE;
				MTL_FAST_MATH = YES;
				ONLY_ACTIVE_ARCH = YES;
				SDKROOT = iphoneos;
				SWIFT_ACTIVE_COMPILATION_CONDITIONS = DEBUG;
				SWIFT_OPTIMIZATION_LEVEL = "-Onone";
			};
			name = Debug;
		};
		C454AC0324C5BBAD0083CD73 /* Release */ = {
			isa = XCBuildConfiguration;
			buildSettings = {
				ALWAYS_SEARCH_USER_PATHS = NO;
				CLANG_ANALYZER_NONNULL = YES;
				CLANG_ANALYZER_NUMBER_OBJECT_CONVERSION = YES_AGGRESSIVE;
				CLANG_CXX_LANGUAGE_STANDARD = "gnu++14";
				CLANG_CXX_LIBRARY = "libc++";
				CLANG_ENABLE_MODULES = YES;
				CLANG_ENABLE_OBJC_ARC = YES;
				CLANG_ENABLE_OBJC_WEAK = YES;
				CLANG_WARN_BLOCK_CAPTURE_AUTORELEASING = YES;
				CLANG_WARN_BOOL_CONVERSION = YES;
				CLANG_WARN_COMMA = YES;
				CLANG_WARN_CONSTANT_CONVERSION = YES;
				CLANG_WARN_DEPRECATED_OBJC_IMPLEMENTATIONS = YES;
				CLANG_WARN_DIRECT_OBJC_ISA_USAGE = YES_ERROR;
				CLANG_WARN_DOCUMENTATION_COMMENTS = YES;
				CLANG_WARN_EMPTY_BODY = YES;
				CLANG_WARN_ENUM_CONVERSION = YES;
				CLANG_WARN_INFINITE_RECURSION = YES;
				CLANG_WARN_INT_CONVERSION = YES;
				CLANG_WARN_NON_LITERAL_NULL_CONVERSION = YES;
				CLANG_WARN_OBJC_IMPLICIT_RETAIN_SELF = YES;
				CLANG_WARN_OBJC_LITERAL_CONVERSION = YES;
				CLANG_WARN_OBJC_ROOT_CLASS = YES_ERROR;
				CLANG_WARN_RANGE_LOOP_ANALYSIS = YES;
				CLANG_WARN_STRICT_PROTOTYPES = YES;
				CLANG_WARN_SUSPICIOUS_MOVE = YES;
				CLANG_WARN_UNGUARDED_AVAILABILITY = YES_AGGRESSIVE;
				CLANG_WARN_UNREACHABLE_CODE = YES;
				CLANG_WARN__DUPLICATE_METHOD_MATCH = YES;
				COPY_PHASE_STRIP = NO;
				DEBUG_INFORMATION_FORMAT = "dwarf-with-dsym";
				ENABLE_NS_ASSERTIONS = NO;
				ENABLE_STRICT_OBJC_MSGSEND = YES;
				GCC_C_LANGUAGE_STANDARD = gnu11;
				GCC_NO_COMMON_BLOCKS = YES;
				GCC_WARN_64_TO_32_BIT_CONVERSION = YES;
				GCC_WARN_ABOUT_RETURN_TYPE = YES_ERROR;
				GCC_WARN_UNDECLARED_SELECTOR = YES;
				GCC_WARN_UNINITIALIZED_AUTOS = YES_AGGRESSIVE;
				GCC_WARN_UNUSED_FUNCTION = YES;
				GCC_WARN_UNUSED_VARIABLE = YES;
				IPHONEOS_DEPLOYMENT_TARGET = 13.5;
				MTL_ENABLE_DEBUG_INFO = NO;
				MTL_FAST_MATH = YES;
				SDKROOT = iphoneos;
				SWIFT_COMPILATION_MODE = wholemodule;
				SWIFT_OPTIMIZATION_LEVEL = "-O";
				VALIDATE_PRODUCT = YES;
			};
			name = Release;
		};
		C454AC0524C5BBAD0083CD73 /* Debug */ = {
			isa = XCBuildConfiguration;
			buildSettings = {
				ASSETCATALOG_COMPILER_APPICON_NAME = AppIcon;
				CODE_SIGN_STYLE = Automatic;
				DEVELOPMENT_ASSET_PATHS = "\"Landmarks/Preview Content\"";
				DEVELOPMENT_TEAM = 3CJV3Y6FAS;
				ENABLE_PREVIEWS = YES;
				INFOPLIST_FILE = Landmarks/Info.plist;
				LD_RUNPATH_SEARCH_PATHS = (
					"$(inherited)",
					"@executable_path/Frameworks",
				);
				PRODUCT_BUNDLE_IDENTIFIER = com.pandora.Landmarks;
				PRODUCT_NAME = "$(TARGET_NAME)";
				SWIFT_VERSION = 5.0;
				TARGETED_DEVICE_FAMILY = "1,2";
			};
			name = Debug;
		};
		C454AC0624C5BBAD0083CD73 /* Release */ = {
			isa = XCBuildConfiguration;
			buildSettings = {
				ASSETCATALOG_COMPILER_APPICON_NAME = AppIcon;
				CODE_SIGN_STYLE = Automatic;
				DEVELOPMENT_ASSET_PATHS = "\"Landmarks/Preview Content\"";
				DEVELOPMENT_TEAM = 3CJV3Y6FAS;
				ENABLE_PREVIEWS = YES;
				INFOPLIST_FILE = Landmarks/Info.plist;
				LD_RUNPATH_SEARCH_PATHS = (
					"$(inherited)",
					"@executable_path/Frameworks",
				);
				PRODUCT_BUNDLE_IDENTIFIER = com.pandora.Landmarks;
				PRODUCT_NAME = "$(TARGET_NAME)";
				SWIFT_VERSION = 5.0;
				TARGETED_DEVICE_FAMILY = "1,2";
			};
			name = Release;
		};
/* End XCBuildConfiguration section */

/* Begin XCConfigurationList section */
		C454ABEB24C5BBAC0083CD73 /* Build configuration list for PBXProject "Landmarks" */ = {
			isa = XCConfigurationList;
			buildConfigurations = (
				C454AC0224C5BBAD0083CD73 /* Debug */,
				C454AC0324C5BBAD0083CD73 /* Release */,
			);
			defaultConfigurationIsVisible = 0;
			defaultConfigurationName = Release;
		};
		C454AC0424C5BBAD0083CD73 /* Build configuration list for PBXNativeTarget "Landmarks" */ = {
			isa = XCConfigurationList;
			buildConfigurations = (
				C454AC0524C5BBAD0083CD73 /* Debug */,
				C454AC0624C5BBAD0083CD73 /* Release */,
			);
			defaultConfigurationIsVisible = 0;
			defaultConfigurationName = Release;
		};
/* End XCConfigurationList section */
	};
	rootObject = C454ABE824C5BBAC0083CD73 /* Project object */;
}
